
Microsoft Visual Studio Solution File, Format Version 12.00
# Visual Studio Version 17
VisualStudioVersion = 17.14.36518.9
MinimumVisualStudioVersion = 10.0.40219.1
Project("{FAE04EC0-301F-11D3-BF4B-00C04F79EFBC}") = "BPCalculator", "BPCalculator\BPCalculator.csproj", "{5966DA6C-819D-4303-ADC7-425B8541EC84}"
EndProject
Project("{FAE04EC0-301F-11D3-BF4B-00C04F79EFBC}") = "BPCalculator.Unit.Tests", "BPCalculator.Unit.Tests\BPCalculator.Unit.Tests.csproj", "{37A5AEA8-01A2-4F96-AAFB-1C3026718DD9}"
EndProject
Project("{FAE04EC0-301F-11D3-BF4B-00C04F79EFBC}") = "BPCalculator.Reqnroll.BDDTests", "BPCalculator.Reqnroll.BDDTests\BPCalculator.Reqnroll.BDDTests.csproj", "{0B7CF38C-1624-4BFA-AEA7-201D7E1A3A8A}"
EndProject
Project("{FAE04EC0-301F-11D3-BF4B-00C04F79EFBC}") = "BPCalculator.E2ETests", "BPCalculator.E2ETests\BPCalculator.E2ETests.csproj", "{AB844221-8833-4ACD-ADAF-FC57A07478C5}"
EndProject
Project("{2150E333-8FDC-42A3-9474-1A3956D46DE8}") = "PerformanceTests", "PerformanceTests", "{02EA681E-C7D8-13C7-8484-4AC65E1B71E8}"
	ProjectSection(SolutionItems) = preProject
		bp-load-test.js = bp-load-test.js
	EndProjectSection
EndProject
Project("{2150E333-8FDC-42A3-9474-1A3956D46DE8}") = "Solution Items", "Solution Items", "{274ED50D-533F-413D-AE9B-5759CABE8DA6}"
	ProjectSection(SolutionItems) = preProject
		.editorconfig = .editorconfig
		local.runsettings = local.runsettings
	EndProjectSection
EndProject
Global
	GlobalSection(SolutionConfigurationPlatforms) = preSolution
		Debug|Any CPU = Debug|Any CPU
		Release|Any CPU = Release|Any CPU
	EndGlobalSection
	GlobalSection(ProjectConfigurationPlatforms) = postSolution
		{5966DA6C-819D-4303-ADC7-425B8541EC84}.Debug|Any CPU.ActiveCfg = Debug|Any CPU
		{5966DA6C-819D-4303-ADC7-425B8541EC84}.Debug|Any CPU.Build.0 = Debug|Any CPU
		{5966DA6C-819D-4303-ADC7-425B8541EC84}.Release|Any CPU.ActiveCfg = Release|Any CPU
		{5966DA6C-819D-4303-ADC7-425B8541EC84}.Release|Any CPU.Build.0 = Release|Any CPU
		{37A5AEA8-01A2-4F96-AAFB-1C3026718DD9}.Debug|Any CPU.ActiveCfg = Debug|Any CPU
		{37A5AEA8-01A2-4F96-AAFB-1C3026718DD9}.Debug|Any CPU.Build.0 = Debug|Any CPU
		{37A5AEA8-01A2-4F96-AAFB-1C3026718DD9}.Release|Any CPU.ActiveCfg = Release|Any CPU
		{37A5AEA8-01A2-4F96-AAFB-1C3026718DD9}.Release|Any CPU.Build.0 = Release|Any CPU
		{0B7CF38C-1624-4BFA-AEA7-201D7E1A3A8A}.Debug|Any CPU.ActiveCfg = Debug|Any CPU
		{0B7CF38C-1624-4BFA-AEA7-201D7E1A3A8A}.Debug|Any CPU.Build.0 = Debug|Any CPU
		{0B7CF38C-1624-4BFA-AEA7-201D7E1A3A8A}.Release|Any CPU.ActiveCfg = Release|Any CPU
		{0B7CF38C-1624-4BFA-AEA7-201D7E1A3A8A}.Release|Any CPU.Build.0 = Release|Any CPU
		{AB844221-8833-4ACD-ADAF-FC57A07478C5}.Debug|Any CPU.ActiveCfg = Debug|Any CPU
		{AB844221-8833-4ACD-ADAF-FC57A07478C5}.Debug|Any CPU.Build.0 = Debug|Any CPU
		{AB844221-8833-4ACD-ADAF-FC57A07478C5}.Release|Any CPU.ActiveCfg = Release|Any CPU
		{AB844221-8833-4ACD-ADAF-FC57A07478C5}.Release|Any CPU.Build.0 = Release|Any CPU
	EndGlobalSection
	GlobalSection(SolutionProperties) = preSolution
		HideSolutionNode = FALSE
	EndGlobalSection
	GlobalSection(ExtensibilityGlobals) = postSolution
		SolutionGuid = {0888B091-BD2A-49F1-9C68-09927D2EC2D8}
	EndGlobalSection
EndGlobal
